
Microsoft Visual Studio Solution File, Format Version 12.00
Project("{FAE04EC0-301F-11D3-BF4B-00C04F79EFBC}") = "Web", "Web\Web.csproj", "{68151135-DF23-4F34-BB1F-D5ED2302BF59}"
EndProject
Project("{2150E333-8FDC-42A3-9474-1A3956D46DE8}") = "src", "src", "{0541A39B-F2D0-4B4A-9F19-34BA14D106EF}"
EndProject
Project("{2150E333-8FDC-42A3-9474-1A3956D46DE8}") = "core", "core", "{313FDE1A-A396-4F29-A32F-0F9078A4577B}"
EndProject
Project("{2150E333-8FDC-42A3-9474-1A3956D46DE8}") = "infrastructure", "infrastructure", "{E203E857-3D62-46C7-BAD2-6A623E357E27}"
EndProject
Project("{2150E333-8FDC-42A3-9474-1A3956D46DE8}") = "presentation", "presentation", "{0E048944-462B-4497-B270-88FA24051E9D}"
EndProject
Project("{2150E333-8FDC-42A3-9474-1A3956D46DE8}") = "shared", "shared", "{267C944E-501C-4B3E-A147-57E209E4D6F1}"
EndProject
Project("{2150E333-8FDC-42A3-9474-1A3956D46DE8}") = "library", "library", "{EA8A3698-61EB-4FCA-ADAA-2B61A65FEB32}"
EndProject
Project("{FAE04EC0-301F-11D3-BF4B-00C04F79EFBC}") = "Domain", "Domain\Domain.csproj", "{6243AE05-53C0-4AAF-948B-0AC6054C3F91}"
EndProject
Project("{FAE04EC0-301F-11D3-BF4B-00C04F79EFBC}") = "Application", "Application\Application.csproj", "{3D016ABD-CACE-4999-8858-95E03BB1B4AD}"
EndProject
Project("{FAE04EC0-301F-11D3-BF4B-00C04F79EFBC}") = "Infrastructure", "Infrastructure\Infrastructure.csproj", "{E42B43D4-02C0-4F0D-AE73-F838AC49DCF8}"
EndProject
Project("{FAE04EC0-301F-11D3-BF4B-00C04F79EFBC}") = "Persistence", "Persistence\Persistence.csproj", "{38D41012-7D54-415A-9F6B-DA65B776E3B4}"
EndProject
Project("{FAE04EC0-301F-11D3-BF4B-00C04F79EFBC}") = "Identity", "Identity\Identity.csproj", "{46241955-64C6-492F-9F06-1BF5F2A6C689}"
EndProject
Project("{FAE04EC0-301F-11D3-BF4B-00C04F79EFBC}") = "FelCache", "FelCache\FelCache.csproj", "{EA0B75C6-900F-4A6F-BEEE-ED2247155F38}"
EndProject
Project("{FAE04EC0-301F-11D3-BF4B-00C04F79EFBC}") = "Shared", "Shared\Shared.csproj", "{24AB21B7-1A34-4EC1-8ADF-D6F7ECB5370F}"
EndProject
Project("{FAE04EC0-301F-11D3-BF4B-00C04F79EFBC}") = "RsaGenerator", "RsaGenerator\RsaGenerator.csproj", "{3DAC4924-28AB-481E-8840-B5B7A38EE3C1}"
EndProject
Project("{FAE04EC0-301F-11D3-BF4B-00C04F79EFBC}") = "Combat", "Combat\Combat.csproj", "{3046C1F5-2BF6-4782-9208-47649986761F}"
EndProject
Global
	GlobalSection(SolutionConfigurationPlatforms) = preSolution
		Debug|Any CPU = Debug|Any CPU
		Release|Any CPU = Release|Any CPU
	EndGlobalSection
	GlobalSection(ProjectConfigurationPlatforms) = postSolution
		{68151135-DF23-4F34-BB1F-D5ED2302BF59}.Debug|Any CPU.ActiveCfg = Debug|Any CPU
		{68151135-DF23-4F34-BB1F-D5ED2302BF59}.Debug|Any CPU.Build.0 = Debug|Any CPU
		{68151135-DF23-4F34-BB1F-D5ED2302BF59}.Release|Any CPU.ActiveCfg = Release|Any CPU
		{68151135-DF23-4F34-BB1F-D5ED2302BF59}.Release|Any CPU.Build.0 = Release|Any CPU
		{6243AE05-53C0-4AAF-948B-0AC6054C3F91}.Debug|Any CPU.ActiveCfg = Debug|Any CPU
		{6243AE05-53C0-4AAF-948B-0AC6054C3F91}.Debug|Any CPU.Build.0 = Debug|Any CPU
		{6243AE05-53C0-4AAF-948B-0AC6054C3F91}.Release|Any CPU.ActiveCfg = Release|Any CPU
		{6243AE05-53C0-4AAF-948B-0AC6054C3F91}.Release|Any CPU.Build.0 = Release|Any CPU
		{3D016ABD-CACE-4999-8858-95E03BB1B4AD}.Debug|Any CPU.ActiveCfg = Debug|Any CPU
		{3D016ABD-CACE-4999-8858-95E03BB1B4AD}.Debug|Any CPU.Build.0 = Debug|Any CPU
		{3D016ABD-CACE-4999-8858-95E03BB1B4AD}.Release|Any CPU.ActiveCfg = Release|Any CPU
		{3D016ABD-CACE-4999-8858-95E03BB1B4AD}.Release|Any CPU.Build.0 = Release|Any CPU
		{E42B43D4-02C0-4F0D-AE73-F838AC49DCF8}.Debug|Any CPU.ActiveCfg = Debug|Any CPU
		{E42B43D4-02C0-4F0D-AE73-F838AC49DCF8}.Debug|Any CPU.Build.0 = Debug|Any CPU
		{E42B43D4-02C0-4F0D-AE73-F838AC49DCF8}.Release|Any CPU.ActiveCfg = Release|Any CPU
		{E42B43D4-02C0-4F0D-AE73-F838AC49DCF8}.Release|Any CPU.Build.0 = Release|Any CPU
		{38D41012-7D54-415A-9F6B-DA65B776E3B4}.Debug|Any CPU.ActiveCfg = Debug|Any CPU
		{38D41012-7D54-415A-9F6B-DA65B776E3B4}.Debug|Any CPU.Build.0 = Debug|Any CPU
		{38D41012-7D54-415A-9F6B-DA65B776E3B4}.Release|Any CPU.ActiveCfg = Release|Any CPU
		{38D41012-7D54-415A-9F6B-DA65B776E3B4}.Release|Any CPU.Build.0 = Release|Any CPU
		{46241955-64C6-492F-9F06-1BF5F2A6C689}.Debug|Any CPU.ActiveCfg = Debug|Any CPU
		{46241955-64C6-492F-9F06-1BF5F2A6C689}.Debug|Any CPU.Build.0 = Debug|Any CPU
		{46241955-64C6-492F-9F06-1BF5F2A6C689}.Release|Any CPU.ActiveCfg = Release|Any CPU
		{46241955-64C6-492F-9F06-1BF5F2A6C689}.Release|Any CPU.Build.0 = Release|Any CPU
		{EA0B75C6-900F-4A6F-BEEE-ED2247155F38}.Debug|Any CPU.ActiveCfg = Debug|Any CPU
		{EA0B75C6-900F-4A6F-BEEE-ED2247155F38}.Debug|Any CPU.Build.0 = Debug|Any CPU
		{EA0B75C6-900F-4A6F-BEEE-ED2247155F38}.Release|Any CPU.ActiveCfg = Release|Any CPU
		{EA0B75C6-900F-4A6F-BEEE-ED2247155F38}.Release|Any CPU.Build.0 = Release|Any CPU
		{24AB21B7-1A34-4EC1-8ADF-D6F7ECB5370F}.Debug|Any CPU.ActiveCfg = Debug|Any CPU
		{24AB21B7-1A34-4EC1-8ADF-D6F7ECB5370F}.Debug|Any CPU.Build.0 = Debug|Any CPU
		{24AB21B7-1A34-4EC1-8ADF-D6F7ECB5370F}.Release|Any CPU.ActiveCfg = Release|Any CPU
		{24AB21B7-1A34-4EC1-8ADF-D6F7ECB5370F}.Release|Any CPU.Build.0 = Release|Any CPU
		{3DAC4924-28AB-481E-8840-B5B7A38EE3C1}.Debug|Any CPU.ActiveCfg = Debug|Any CPU
		{3DAC4924-28AB-481E-8840-B5B7A38EE3C1}.Debug|Any CPU.Build.0 = Debug|Any CPU
		{3DAC4924-28AB-481E-8840-B5B7A38EE3C1}.Release|Any CPU.ActiveCfg = Release|Any CPU
		{3DAC4924-28AB-481E-8840-B5B7A38EE3C1}.Release|Any CPU.Build.0 = Release|Any CPU
		{3046C1F5-2BF6-4782-9208-47649986761F}.Debug|Any CPU.ActiveCfg = Debug|Any CPU
		{3046C1F5-2BF6-4782-9208-47649986761F}.Debug|Any CPU.Build.0 = Debug|Any CPU
		{3046C1F5-2BF6-4782-9208-47649986761F}.Release|Any CPU.ActiveCfg = Release|Any CPU
		{3046C1F5-2BF6-4782-9208-47649986761F}.Release|Any CPU.Build.0 = Release|Any CPU
	EndGlobalSection
	GlobalSection(NestedProjects) = preSolution
		{313FDE1A-A396-4F29-A32F-0F9078A4577B} = {0541A39B-F2D0-4B4A-9F19-34BA14D106EF}
		{E203E857-3D62-46C7-BAD2-6A623E357E27} = {0541A39B-F2D0-4B4A-9F19-34BA14D106EF}
		{0E048944-462B-4497-B270-88FA24051E9D} = {0541A39B-F2D0-4B4A-9F19-34BA14D106EF}
		{267C944E-501C-4B3E-A147-57E209E4D6F1} = {0541A39B-F2D0-4B4A-9F19-34BA14D106EF}
		{EA8A3698-61EB-4FCA-ADAA-2B61A65FEB32} = {0541A39B-F2D0-4B4A-9F19-34BA14D106EF}
		{6243AE05-53C0-4AAF-948B-0AC6054C3F91} = {313FDE1A-A396-4F29-A32F-0F9078A4577B}
		{3D016ABD-CACE-4999-8858-95E03BB1B4AD} = {313FDE1A-A396-4F29-A32F-0F9078A4577B}
		{E42B43D4-02C0-4F0D-AE73-F838AC49DCF8} = {E203E857-3D62-46C7-BAD2-6A623E357E27}
		{38D41012-7D54-415A-9F6B-DA65B776E3B4} = {E203E857-3D62-46C7-BAD2-6A623E357E27}
		{68151135-DF23-4F34-BB1F-D5ED2302BF59} = {0E048944-462B-4497-B270-88FA24051E9D}
		{46241955-64C6-492F-9F06-1BF5F2A6C689} = {0E048944-462B-4497-B270-88FA24051E9D}
		{EA0B75C6-900F-4A6F-BEEE-ED2247155F38} = {EA8A3698-61EB-4FCA-ADAA-2B61A65FEB32}
		{24AB21B7-1A34-4EC1-8ADF-D6F7ECB5370F} = {267C944E-501C-4B3E-A147-57E209E4D6F1}
		{3DAC4924-28AB-481E-8840-B5B7A38EE3C1} = {267C944E-501C-4B3E-A147-57E209E4D6F1}
		{3046C1F5-2BF6-4782-9208-47649986761F} = {0E048944-462B-4497-B270-88FA24051E9D}
	EndGlobalSection
EndGlobal
